
Microsoft Visual Studio Solution File, Format Version 12.00
# Visual Studio Version 17
VisualStudioVersion = 17.5.002.0
MinimumVisualStudioVersion = 10.0.40219.1
Project("{9A19103F-16F7-4668-BE54-9A1E7A4F7556}") = "Exo.WebApi", "Exo.WebApi.csproj", "{EA96D610-207F-4821-A96B-405D3BDFFA4B}"
EndProject
Global
	GlobalSection(SolutionConfigurationPlatforms) = preSolution
		Debug|Any CPU = Debug|Any CPU
		Release|Any CPU = Release|Any CPU
	EndGlobalSection
	GlobalSection(ProjectConfigurationPlatforms) = postSolution
		{EA96D610-207F-4821-A96B-405D3BDFFA4B}.Debug|Any CPU.ActiveCfg = Debug|Any CPU
		{EA96D610-207F-4821-A96B-405D3BDFFA4B}.Debug|Any CPU.Build.0 = Debug|Any CPU
		{EA96D610-207F-4821-A96B-405D3BDFFA4B}.Release|Any CPU.ActiveCfg = Release|Any CPU
		{EA96D610-207F-4821-A96B-405D3BDFFA4B}.Release|Any CPU.Build.0 = Release|Any CPU
	EndGlobalSection
	GlobalSection(SolutionProperties) = preSolution
		HideSolutionNode = FALSE
	EndGlobalSection
	GlobalSection(ExtensibilityGlobals) = postSolution
		SolutionGuid = {1238E41E-FFC1-486A-9CFD-1349F091A74D}
	EndGlobalSection
EndGlobal
